
Microsoft Visual Studio Solution File, Format Version 12.00
# Visual Studio Version 17
VisualStudioVersion = 17.10.34902.84
MinimumVisualStudioVersion = 10.0.40219.1
Project("{FAE04EC0-301F-11D3-BF4B-00C04F79EFBC}") = "DotNet8WebApi.LiteDbSample", "DotNet8WebApi.LiteDbSample\DotNet8WebApi.LiteDbSample.csproj", "{4C768965-62BE-45AF-B5C0-4CF12B99C159}"
EndProject
Global
	GlobalSection(SolutionConfigurationPlatforms) = preSolution
		Debug|Any CPU = Debug|Any CPU
		Release|Any CPU = Release|Any CPU
	EndGlobalSection
	GlobalSection(ProjectConfigurationPlatforms) = postSolution
		{4C768965-62BE-45AF-B5C0-4CF12B99C159}.Debug|Any CPU.ActiveCfg = Debug|Any CPU
		{4C768965-62BE-45AF-B5C0-4CF12B99C159}.Debug|Any CPU.Build.0 = Debug|Any CPU
		{4C768965-62BE-45AF-B5C0-4CF12B99C159}.Release|Any CPU.ActiveCfg = Release|Any CPU
		{4C768965-62BE-45AF-B5C0-4CF12B99C159}.Release|Any CPU.Build.0 = Release|Any CPU
	EndGlobalSection
	GlobalSection(SolutionProperties) = preSolution
		HideSolutionNode = FALSE
	EndGlobalSection
	GlobalSection(ExtensibilityGlobals) = postSolution
		SolutionGuid = {C951ABF5-712F-4528-B407-25CD284D3737}
	EndGlobalSection
EndGlobal
